# THIS IS AN AUTOGENERATED FILE. DO NOT EDIT THIS FILE DIRECTLY.
# yarn lockfile v1


haxe-travix@^0.10.2:
  version "0.10.2"
  resolved "https://registry.yarnpkg.com/haxe-travix/-/haxe-travix-0.10.2.tgz#22d9c774b80e12e5170130ea4b78125ba749197a"

haxeshim@^0.12.2:
  version "0.12.2"
  resolved "https://registry.yarnpkg.com/haxeshim/-/haxeshim-0.12.2.tgz#f2f876ddc84c1d8650dae984d95e4eea28792f60"

lix.pm@^0.14.0:
  version "0.14.0"
  resolved "https://registry.yarnpkg.com/lix.pm/-/lix.pm-0.14.0.tgz#9e099a8452b459db0026654608a6625109b13121"
